
Microsoft Visual Studio Solution File, Format Version 12.00
# Visual Studio Version 17
VisualStudioVersion = 17.13.35919.96
MinimumVisualStudioVersion = 10.0.40219.1
Project("{FAE04EC0-301F-11D3-BF4B-00C04F79EFBC}") = "TeamViewer", "TeamViewer.csproj", "{BA6F68FC-680F-431C-AA66-64D97EBAF742}"
EndProject
Project("{FAE04EC0-301F-11D3-BF4B-00C04F79EFBC}") = "TCPServer", "..\TCPServer\TCPServer.csproj", "{279351F1-6319-4D6E-8A0C-E9648A0B8DAE}"
EndProject
Global
	GlobalSection(SolutionConfigurationPlatforms) = preSolution
		Debug|Any CPU = Debug|Any CPU
		Release|Any CPU = Release|Any CPU
	EndGlobalSection
	GlobalSection(ProjectConfigurationPlatforms) = postSolution
		{BA6F68FC-680F-431C-AA66-64D97EBAF742}.Debug|Any CPU.ActiveCfg = Debug|Any CPU
		{BA6F68FC-680F-431C-AA66-64D97EBAF742}.Debug|Any CPU.Build.0 = Debug|Any CPU
		{BA6F68FC-680F-431C-AA66-64D97EBAF742}.Release|Any CPU.ActiveCfg = Release|Any CPU
		{BA6F68FC-680F-431C-AA66-64D97EBAF742}.Release|Any CPU.Build.0 = Release|Any CPU
		{279351F1-6319-4D6E-8A0C-E9648A0B8DAE}.Debug|Any CPU.ActiveCfg = Debug|Any CPU
		{279351F1-6319-4D6E-8A0C-E9648A0B8DAE}.Debug|Any CPU.Build.0 = Debug|Any CPU
		{279351F1-6319-4D6E-8A0C-E9648A0B8DAE}.Release|Any CPU.ActiveCfg = Release|Any CPU
		{279351F1-6319-4D6E-8A0C-E9648A0B8DAE}.Release|Any CPU.Build.0 = Release|Any CPU
	EndGlobalSection
	GlobalSection(SolutionProperties) = preSolution
		HideSolutionNode = FALSE
	EndGlobalSection
	GlobalSection(ExtensibilityGlobals) = postSolution
		SolutionGuid = {FC0668C4-D9F3-47B1-827A-ADD054F0B55F}
	EndGlobalSection
EndGlobal
